// !$*UTF8*$!
{
	archiveVersion = 1;
	classes = {
	};
	objectVersion = 48;
	objects = {

/* Begin PBXBuildFile section */
		BBDC6A501FAA61A300215D56 /* AppDelegate.swift in Sources */ = {isa = PBXBuildFile; fileRef = BBDC6A4F1FAA61A300215D56 /* AppDelegate.swift */; };
		BBDC6A521FAA61A300215D56 /* ViewController.swift in Sources */ = {isa = PBXBuildFile; fileRef = BBDC6A511FAA61A300215D56 /* ViewController.swift */; };
		BBDC6A551FAA61A300215D56 /* Main.storyboard in Resources */ = {isa = PBXBuildFile; fileRef = BBDC6A531FAA61A300215D56 /* Main.storyboard */; };
		BBDC6A571FAA61A300215D56 /* Assets.xcassets in Resources */ = {isa = PBXBuildFile; fileRef = BBDC6A561FAA61A300215D56 /* Assets.xcassets */; };
		BBDC6A5A1FAA61A300215D56 /* LaunchScreen.storyboard in Resources */ = {isa = PBXBuildFile; fileRef = BBDC6A581FAA61A300215D56 /* LaunchScreen.storyboard */; };
		BBDC6A651FAA61A300215D56 /* PickerViewTests.swift in Sources */ = {isa = PBXBuildFile; fileRef = BBDC6A641FAA61A300215D56 /* PickerViewTests.swift */; };
		BBDC6A701FAA61A400215D56 /* PickerViewUITests.swift in Sources */ = {isa = PBXBuildFile; fileRef = BBDC6A6F1FAA61A400215D56 /* PickerViewUITests.swift */; };
/* End PBXBuildFile section */

/* Begin PBXContainerItemProxy section */
		BBDC6A611FAA61A300215D56 /* PBXContainerItemProxy */ = {
			isa = PBXContainerItemProxy;
			containerPortal = BBDC6A441FAA61A300215D56 /* Project object */;
			proxyType = 1;
			remoteGlobalIDString = BBDC6A4B1FAA61A300215D56;
			remoteInfo = PickerView;
		};
		BBDC6A6C1FAA61A300215D56 /* PBXContainerItemProxy */ = {
			isa = PBXContainerItemProxy;
			containerPortal = BBDC6A441FAA61A300215D56 /* Project object */;
			proxyType = 1;
			remoteGlobalIDString = BBDC6A4B1FAA61A300215D56;
			remoteInfo = PickerView;
		};
/* End PBXContainerItemProxy section */

/* Begin PBXFileReference section */
		BBDC6A4C1FAA61A300215D56 /* PickerView.app */ = {isa = PBXFileReference; explicitFileType = wrapper.application; includeInIndex = 0; path = PickerView.app; sourceTree = BUILT_PRODUCTS_DIR; };
		BBDC6A4F1FAA61A300215D56 /* AppDelegate.swift */ = {isa = PBXFileReference; lastKnownFileType = sourcecode.swift; path = AppDelegate.swift; sourceTree = "<group>"; };
		BBDC6A511FAA61A300215D56 /* ViewController.swift */ = {isa = PBXFileReference; lastKnownFileType = sourcecode.swift; path = ViewController.swift; sourceTree = "<group>"; };
		BBDC6A541FAA61A300215D56 /* Base */ = {isa = PBXFileReference; lastKnownFileType = file.storyboard; name = Base; path = Base.lproj/Main.storyboard; sourceTree = "<group>"; };
		BBDC6A561FAA61A300215D56 /* Assets.xcassets */ = {isa = PBXFileReference; lastKnownFileType = folder.assetcatalog; path = Assets.xcassets; sourceTree = "<group>"; };
		BBDC6A591FAA61A300215D56 /* Base */ = {isa = PBXFileReference; lastKnownFileType = file.storyboard; name = Base; path = Base.lproj/LaunchScreen.storyboard; sourceTree = "<group>"; };
		BBDC6A5B1FAA61A300215D56 /* Info.plist */ = {isa = PBXFileReference; lastKnownFileType = text.plist.xml; path = Info.plist; sourceTree = "<group>"; };
		BBDC6A601FAA61A300215D56 /* PickerViewTests.xctest */ = {isa = PBXFileReference; explicitFileType = wrapper.cfbundle; includeInIndex = 0; path = PickerViewTests.xctest; sourceTree = BUILT_PRODUCTS_DIR; };
		BBDC6A641FAA61A300215D56 /* PickerViewTests.swift */ = {isa = PBXFileReference; lastKnownFileType = sourcecode.swift; path = PickerViewTests.swift; sourceTree = "<group>"; };
		BBDC6A661FAA61A300215D56 /* Info.plist */ = {isa = PBXFileReference; lastKnownFileType = text.plist.xml; path = Info.plist; sourceTree = "<group>"; };
		BBDC6A6B1FAA61A300215D56 /* PickerViewUITests.xctest */ = {isa = PBXFileReference; explicitFileType = wrapper.cfbundle; includeInIndex = 0; path = PickerViewUITests.xctest; sourceTree = BUILT_PRODUCTS_DIR; };
		BBDC6A6F1FAA61A400215D56 /* PickerViewUITests.swift */ = {isa = PBXFileReference; lastKnownFileType = sourcecode.swift; path = PickerViewUITests.swift; sourceTree = "<group>"; };
		BBDC6A711FAA61A400215D56 /* Info.plist */ = {isa = PBXFileReference; lastKnownFileType = text.plist.xml; path = Info.plist; sourceTree = "<group>"; };
/* End PBXFileReference section */

/* Begin PBXFrameworksBuildPhase section */
		BBDC6A491FAA61A300215D56 /* Frameworks */ = {
			isa = PBXFrameworksBuildPhase;
			buildActionMask = 2147483647;
			files = (
			);
			runOnlyForDeploymentPostprocessing = 0;
		};
		BBDC6A5D1FAA61A300215D56 /* Frameworks */ = {
			isa = PBXFrameworksBuildPhase;
			buildActionMask = 2147483647;
			files = (
			);
			runOnlyForDeploymentPostprocessing = 0;
		};
		BBDC6A681FAA61A300215D56 /* Frameworks */ = {
			isa = PBXFrameworksBuildPhase;
			buildActionMask = 2147483647;
			files = (
			);
			runOnlyForDeploymentPostprocessing = 0;
		};
/* End PBXFrameworksBuildPhase section */

/* Begin PBXGroup section */
		BBDC6A431FAA61A300215D56 = {
			isa = PBXGroup;
			children = (
				BBDC6A4E1FAA61A300215D56 /* PickerView */,
				BBDC6A631FAA61A300215D56 /* PickerViewTests */,
				BBDC6A6E1FAA61A400215D56 /* PickerViewUITests */,
				BBDC6A4D1FAA61A300215D56 /* Products */,
			);
			sourceTree = "<group>";
		};
		BBDC6A4D1FAA61A300215D56 /* Products */ = {
			isa = PBXGroup;
			children = (
				BBDC6A4C1FAA61A300215D56 /* PickerView.app */,
				BBDC6A601FAA61A300215D56 /* PickerViewTests.xctest */,
				BBDC6A6B1FAA61A300215D56 /* PickerViewUITests.xctest */,
			);
			name = Products;
			sourceTree = "<group>";
		};
		BBDC6A4E1FAA61A300215D56 /* PickerView */ = {
			isa = PBXGroup;
			children = (
				BBDC6A4F1FAA61A300215D56 /* AppDelegate.swift */,
				BBDC6A511FAA61A300215D56 /* ViewController.swift */,
				BBDC6A531FAA61A300215D56 /* Main.storyboard */,
				BBDC6A561FAA61A300215D56 /* Assets.xcassets */,
				BBDC6A581FAA61A300215D56 /* LaunchScreen.storyboard */,
				BBDC6A5B1FAA61A300215D56 /* Info.plist */,
			);
			path = PickerView;
			sourceTree = "<group>";
		};
		BBDC6A631FAA61A300215D56 /* PickerViewTests */ = {
			isa = PBXGroup;
			children = (
				BBDC6A641FAA61A300215D56 /* PickerViewTests.swift */,
				BBDC6A661FAA61A300215D56 /* Info.plist */,
			);
			path = PickerViewTests;
			sourceTree = "<group>";
		};
		BBDC6A6E1FAA61A400215D56 /* PickerViewUITests */ = {
			isa = PBXGroup;
			children = (
				BBDC6A6F1FAA61A400215D56 /* PickerViewUITests.swift */,
				BBDC6A711FAA61A400215D56 /* Info.plist */,
			);
			path = PickerViewUITests;
			sourceTree = "<group>";
		};
/* End PBXGroup section */

/* Begin PBXNativeTarget section */
		BBDC6A4B1FAA61A300215D56 /* PickerView */ = {
			isa = PBXNativeTarget;
			buildConfigurationList = BBDC6A741FAA61A400215D56 /* Build configuration list for PBXNativeTarget "PickerView" */;
			buildPhases = (
				BBDC6A481FAA61A300215D56 /* Sources */,
				BBDC6A491FAA61A300215D56 /* Frameworks */,
				BBDC6A4A1FAA61A300215D56 /* Resources */,
			);
			buildRules = (
			);
			dependencies = (
			);
			name = PickerView;
			productName = PickerView;
			productReference = BBDC6A4C1FAA61A300215D56 /* PickerView.app */;
			productType = "com.apple.product-type.application";
		};
		BBDC6A5F1FAA61A300215D56 /* PickerViewTests */ = {
			isa = PBXNativeTarget;
			buildConfigurationList = BBDC6A771FAA61A400215D56 /* Build configuration list for PBXNativeTarget "PickerViewTests" */;
			buildPhases = (
				BBDC6A5C1FAA61A300215D56 /* Sources */,
				BBDC6A5D1FAA61A300215D56 /* Frameworks */,
				BBDC6A5E1FAA61A300215D56 /* Resources */,
			);
			buildRules = (
			);
			dependencies = (
				BBDC6A621FAA61A300215D56 /* PBXTargetDependency */,
			);
			name = PickerViewTests;
			productName = PickerViewTests;
			productReference = BBDC6A601FAA61A300215D56 /* PickerViewTests.xctest */;
			productType = "com.apple.product-type.bundle.unit-test";
		};
		BBDC6A6A1FAA61A300215D56 /* PickerViewUITests */ = {
			isa = PBXNativeTarget;
			buildConfigurationList = BBDC6A7A1FAA61A400215D56 /* Build configuration list for PBXNativeTarget "PickerViewUITests" */;
			buildPhases = (
				BBDC6A671FAA61A300215D56 /* Sources */,
				BBDC6A681FAA61A300215D56 /* Frameworks */,
				BBDC6A691FAA61A300215D56 /* Resources */,
			);
			buildRules = (
			);
			dependencies = (
				BBDC6A6D1FAA61A300215D56 /* PBXTargetDependency */,
			);
			name = PickerViewUITests;
			productName = PickerViewUITests;
			productReference = BBDC6A6B1FAA61A300215D56 /* PickerViewUITests.xctest */;
			productType = "com.apple.product-type.bundle.ui-testing";
		};
/* End PBXNativeTarget section */

/* Begin PBXProject section */
		BBDC6A441FAA61A300215D56 /* Project object */ = {
			isa = PBXProject;
			attributes = {
				LastSwiftUpdateCheck = 0900;
				LastUpgradeCheck = 0900;
				ORGANIZATIONNAME = "MCS Devices";
				TargetAttributes = {
					BBDC6A4B1FAA61A300215D56 = {
						CreatedOnToolsVersion = 9.0;
						ProvisioningStyle = Automatic;
					};
					BBDC6A5F1FAA61A300215D56 = {
						CreatedOnToolsVersion = 9.0;
						ProvisioningStyle = Automatic;
						TestTargetID = BBDC6A4B1FAA61A300215D56;
					};
					BBDC6A6A1FAA61A300215D56 = {
						CreatedOnToolsVersion = 9.0;
						ProvisioningStyle = Automatic;
						TestTargetID = BBDC6A4B1FAA61A300215D56;
					};
				};
			};
			buildConfigurationList = BBDC6A471FAA61A300215D56 /* Build configuration list for PBXProject "PickerView" */;
			compatibilityVersion = "Xcode 8.0";
			developmentRegion = en;
			hasScannedForEncodings = 0;
			knownRegions = (
				en,
				Base,
			);
			mainGroup = BBDC6A431FAA61A300215D56;
			productRefGroup = BBDC6A4D1FAA61A300215D56 /* Products */;
			projectDirPath = "";
			projectRoot = "";
			targets = (
				BBDC6A4B1FAA61A300215D56 /* PickerView */,
				BBDC6A5F1FAA61A300215D56 /* PickerViewTests */,
				BBDC6A6A1FAA61A300215D56 /* PickerViewUITests */,
			);
		};
/* End PBXProject section */

/* Begin PBXResourcesBuildPhase section */
		BBDC6A4A1FAA61A300215D56 /* Resources */ = {
			isa = PBXResourcesBuildPhase;
			buildActionMask = 2147483647;
			files = (
				BBDC6A5A1FAA61A300215D56 /* LaunchScreen.storyboard in Resources */,
				BBDC6A571FAA61A300215D56 /* Assets.xcassets in Resources */,
				BBDC6A551FAA61A300215D56 /* Main.storyboard in Resources */,
			);
			runOnlyForDeploymentPostprocessing = 0;
		};
		BBDC6A5E1FAA61A300215D56 /* Resources */ = {
			isa = PBXResourcesBuildPhase;
			buildActionMask = 2147483647;
			files = (
			);
			runOnlyForDeploymentPostprocessing = 0;
		};
		BBDC6A691FAA61A300215D56 /* Resources */ = {
			isa = PBXResourcesBuildPhase;
			buildActionMask = 2147483647;
			files = (
			);
			runOnlyForDeploymentPostprocessing = 0;
		};
/* End PBXResourcesBuildPhase section */

/* Begin PBXSourcesBuildPhase section */
		BBDC6A481FAA61A300215D56 /* Sources */ = {
			isa = PBXSourcesBuildPhase;
			buildActionMask = 2147483647;
			files = (
				BBDC6A521FAA61A300215D56 /* ViewController.swift in Sources */,
				BBDC6A501FAA61A300215D56 /* AppDelegate.swift in Sources */,
			);
			runOnlyForDeploymentPostprocessing = 0;
		};
		BBDC6A5C1FAA61A300215D56 /* Sources */ = {
			isa = PBXSourcesBuildPhase;
			buildActionMask = 2147483647;
			files = (
				BBDC6A651FAA61A300215D56 /* PickerViewTests.swift in Sources */,
			);
			runOnlyForDeploymentPostprocessing = 0;
		};
		BBDC6A671FAA61A300215D56 /* Sources */ = {
			isa = PBXSourcesBuildPhase;
			buildActionMask = 2147483647;
			files = (
				BBDC6A701FAA61A400215D56 /* PickerViewUITests.swift in Sources */,
			);
			runOnlyForDeploymentPostprocessing = 0;
		};
/* End PBXSourcesBuildPhase section */

/* Begin PBXTargetDependency section */
		BBDC6A621FAA61A300215D56 /* PBXTargetDependency */ = {
			isa = PBXTargetDependency;
			target = BBDC6A4B1FAA61A300215D56 /* PickerView */;
			targetProxy = BBDC6A611FAA61A300215D56 /* PBXContainerItemProxy */;
		};
		BBDC6A6D1FAA61A300215D56 /* PBXTargetDependency */ = {
			isa = PBXTargetDependency;
			target = BBDC6A4B1FAA61A300215D56 /* PickerView */;
			targetProxy = BBDC6A6C1FAA61A300215D56 /* PBXContainerItemProxy */;
		};
/* End PBXTargetDependency section */

/* Begin PBXVariantGroup section */
		BBDC6A531FAA61A300215D56 /* Main.storyboard */ = {
			isa = PBXVariantGroup;
			children = (
				BBDC6A541FAA61A300215D56 /* Base */,
			);
			name = Main.storyboard;
			sourceTree = "<group>";
		};
		BBDC6A581FAA61A300215D56 /* LaunchScreen.storyboard */ = {
			isa = PBXVariantGroup;
			children = (
				BBDC6A591FAA61A300215D56 /* Base */,
			);
			name = LaunchScreen.storyboard;
			sourceTree = "<group>";
		};
/* End PBXVariantGroup section */

/* Begin XCBuildConfiguration section */
		BBDC6A721FAA61A400215D56 /* Debug */ = {
			isa = XCBuildConfiguration;
			buildSettings = {
				ALWAYS_SEARCH_USER_PATHS = NO;
				CLANG_ANALYZER_NONNULL = YES;
				CLANG_ANALYZER_NUMBER_OBJECT_CONVERSION = YES_AGGRESSIVE;
				CLANG_CXX_LANGUAGE_STANDARD = "gnu++14";
				CLANG_CXX_LIBRARY = "libc++";
				CLANG_ENABLE_MODULES = YES;
				CLANG_ENABLE_OBJC_ARC = YES;
				CLANG_WARN_BLOCK_CAPTURE_AUTORELEASING = YES;
				CLANG_WARN_BOOL_CONVERSION = YES;
				CLANG_WARN_COMMA = YES;
				CLANG_WARN_CONSTANT_CONVERSION = YES;
				CLANG_WARN_DIRECT_OBJC_ISA_USAGE = YES_ERROR;
				CLANG_WARN_DOCUMENTATION_COMMENTS = YES;
				CLANG_WARN_EMPTY_BODY = YES;
				CLANG_WARN_ENUM_CONVERSION = YES;
				CLANG_WARN_INFINITE_RECURSION = YES;
				CLANG_WARN_INT_CONVERSION = YES;
				CLANG_WARN_NON_LITERAL_NULL_CONVERSION = YES;
				CLANG_WARN_OBJC_LITERAL_CONVERSION = YES;
				CLANG_WARN_OBJC_ROOT_CLASS = YES_ERROR;
				CLANG_WARN_RANGE_LOOP_ANALYSIS = YES;
				CLANG_WARN_STRICT_PROTOTYPES = YES;
				CLANG_WARN_SUSPICIOUS_MOVE = YES;
				CLANG_WARN_UNGUARDED_AVAILABILITY = YES_AGGRESSIVE;
				CLANG_WARN_UNREACHABLE_CODE = YES;
				CLANG_WARN__DUPLICATE_METHOD_MATCH = YES;
				CODE_SIGN_IDENTITY = "iPhone Developer";
				COPY_PHASE_STRIP = NO;
				DEBUG_INFORMATION_FORMAT = dwarf;
				ENABLE_STRICT_OBJC_MSGSEND = YES;
				ENABLE_TESTABILITY = YES;
				GCC_C_LANGUAGE_STANDARD = gnu11;
				GCC_DYNAMIC_NO_PIC = NO;
				GCC_NO_COMMON_BLOCKS = YES;
				GCC_OPTIMIZATION_LEVEL = 0;
				GCC_PREPROCESSOR_DEFINITIONS = (
					"DEBUG=1",
					"$(inherited)",
				);
				GCC_WARN_64_TO_32_BIT_CONVERSION = YES;
				GCC_WARN_ABOUT_RETURN_TYPE = YES_ERROR;
				GCC_WARN_UNDECLARED_SELECTOR = YES;
				GCC_WARN_UNINITIALIZED_AUTOS = YES_AGGRESSIVE;
				GCC_WARN_UNUSED_FUNCTION = YES;
				GCC_WARN_UNUSED_VARIABLE = YES;
				IPHONEOS_DEPLOYMENT_TARGET = 11.0;
				MTL_ENABLE_DEBUG_INFO = YES;
				ONLY_ACTIVE_ARCH = YES;
				SDKROOT = iphoneos;
				SWIFT_ACTIVE_COMPILATION_CONDITIONS = DEBUG;
				SWIFT_OPTIMIZATION_LEVEL = "-Onone";
			};
			name = Debug;
		};
		BBDC6A731FAA61A400215D56 /* Release */ = {
			isa = XCBuildConfiguration;
			buildSettings = {
				ALWAYS_SEARCH_USER_PATHS = NO;
				CLANG_ANALYZER_NONNULL = YES;
				CLANG_ANALYZER_NUMBER_OBJECT_CONVERSION = YES_AGGRESSIVE;
				CLANG_CXX_LANGUAGE_STANDARD = "gnu++14";
				CLANG_CXX_LIBRARY = "libc++";
				CLANG_ENABLE_MODULES = YES;
				CLANG_ENABLE_OBJC_ARC = YES;
				CLANG_WARN_BLOCK_CAPTURE_AUTORELEASING = YES;
				CLANG_WARN_BOOL_CONVERSION = YES;
				CLANG_WARN_COMMA = YES;
				CLANG_WARN_CONSTANT_CONVERSION = YES;
				CLANG_WARN_DIRECT_OBJC_ISA_USAGE = YES_ERROR;
				CLANG_WARN_DOCUMENTATION_COMMENTS = YES;
				CLANG_WARN_EMPTY_BODY = YES;
				CLANG_WARN_ENUM_CONVERSION = YES;
				CLANG_WARN_INFINITE_RECURSION = YES;
				CLANG_WARN_INT_CONVERSION = YES;
				CLANG_WARN_NON_LITERAL_NULL_CONVERSION = YES;
				CLANG_WARN_OBJC_LITERAL_CONVERSION = YES;
				CLANG_WARN_OBJC_ROOT_CLASS = YES_ERROR;
				CLANG_WARN_RANGE_LOOP_ANALYSIS = YES;
				CLANG_WARN_STRICT_PROTOTYPES = YES;
				CLANG_WARN_SUSPICIOUS_MOVE = YES;
				CLANG_WARN_UNGUARDED_AVAILABILITY = YES_AGGRESSIVE;
				CLANG_WARN_UNREACHABLE_CODE = YES;
				CLANG_WARN__DUPLICATE_METHOD_MATCH = YES;
				CODE_SIGN_IDENTITY = "iPhone Developer";
				COPY_PHASE_STRIP = NO;
				DEBUG_INFORMATION_FORMAT = "dwarf-with-dsym";
				ENABLE_NS_ASSERTIONS = NO;
				ENABLE_STRICT_OBJC_MSGSEND = YES;
				GCC_C_LANGUAGE_STANDARD = gnu11;
				GCC_NO_COMMON_BLOCKS = YES;
				GCC_WARN_64_TO_32_BIT_CONVERSION = YES;
				GCC_WARN_ABOUT_RETURN_TYPE = YES_ERROR;
				GCC_WARN_UNDECLARED_SELECTOR = YES;
				GCC_WARN_UNINITIALIZED_AUTOS = YES_AGGRESSIVE;
				GCC_WARN_UNUSED_FUNCTION = YES;
				GCC_WARN_UNUSED_VARIABLE = YES;
				IPHONEOS_DEPLOYMENT_TARGET = 11.0;
				MTL_ENABLE_DEBUG_INFO = NO;
				SDKROOT = iphoneos;
				SWIFT_OPTIMIZATION_LEVEL = "-Owholemodule";
				VALIDATE_PRODUCT = YES;
			};
			name = Release;
		};
		BBDC6A751FAA61A400215D56 /* Debug */ = {
			isa = XCBuildConfiguration;
			buildSettings = {
				ASSETCATALOG_COMPILER_APPICON_NAME = AppIcon;
				CODE_SIGN_STYLE = Automatic;
				INFOPLIST_FILE = PickerView/Info.plist;
				LD_RUNPATH_SEARCH_PATHS = "$(inherited) @executable_path/Frameworks";
				PRODUCT_BUNDLE_IDENTIFIER = Yaelo.PickerView;
				PRODUCT_NAME = "$(TARGET_NAME)";
				SWIFT_VERSION = 4.0;
				TARGETED_DEVICE_FAMILY = "1,2";
			};
			name = Debug;
		};
		BBDC6A761FAA61A400215D56 /* Release */ = {
			isa = XCBuildConfiguration;
			buildSettings = {
				ASSETCATALOG_COMPILER_APPICON_NAME = AppIcon;
				CODE_SIGN_STYLE = Automatic;
				INFOPLIST_FILE = PickerView/Info.plist;
				LD_RUNPATH_SEARCH_PATHS = "$(inherited) @executable_path/Frameworks";
				PRODUCT_BUNDLE_IDENTIFIER = Yaelo.PickerView;
				PRODUCT_NAME = "$(TARGET_NAME)";
				SWIFT_VERSION = 4.0;
				TARGETED_DEVICE_FAMILY = "1,2";
			};
			name = Release;
		};
		BBDC6A781FAA61A400215D56 /* Debug */ = {
			isa = XCBuildConfiguration;
			buildSettings = {
				ALWAYS_EMBED_SWIFT_STANDARD_LIBRARIES = YES;
				BUNDLE_LOADER = "$(TEST_HOST)";
				CODE_SIGN_STYLE = Automatic;
				INFOPLIST_FILE = PickerViewTests/Info.plist;
				LD_RUNPATH_SEARCH_PATHS = "$(inherited) @executable_path/Frameworks @loader_path/Frameworks";
				PRODUCT_BUNDLE_IDENTIFIER = Yaelo.PickerViewTests;
				PRODUCT_NAME = "$(TARGET_NAME)";
				SWIFT_VERSION = 4.0;
				TARGETED_DEVICE_FAMILY = "1,2";
				TEST_HOST = "$(BUILT_PRODUCTS_DIR)/PickerView.app/PickerView";
			};
			name = Debug;
		};
		BBDC6A791FAA61A400215D56 /* Release */ = {
			isa = XCBuildConfiguration;
			buildSettings = {
				ALWAYS_EMBED_SWIFT_STANDARD_LIBRARIES = YES;
				BUNDLE_LOADER = "$(TEST_HOST)";
				CODE_SIGN_STYLE = Automatic;
				INFOPLIST_FILE = PickerViewTests/Info.plist;
				LD_RUNPATH_SEARCH_PATHS = "$(inherited) @executable_path/Frameworks @loader_path/Frameworks";
				PRODUCT_BUNDLE_IDENTIFIER = Yaelo.PickerViewTests;
				PRODUCT_NAME = "$(TARGET_NAME)";
				SWIFT_VERSION = 4.0;
				TARGETED_DEVICE_FAMILY = "1,2";
				TEST_HOST = "$(BUILT_PRODUCTS_DIR)/PickerView.app/PickerView";
			};
			name = Release;
		};
		BBDC6A7B1FAA61A400215D56 /* Debug */ = {
			isa = XCBuildConfiguration;
			buildSettings = {
				ALWAYS_EMBED_SWIFT_STANDARD_LIBRARIES = YES;
				CODE_SIGN_STYLE = Automatic;
				INFOPLIST_FILE = PickerViewUITests/Info.plist;
				LD_RUNPATH_SEARCH_PATHS = "$(inherited) @executable_path/Frameworks @loader_path/Frameworks";
				PRODUCT_BUNDLE_IDENTIFIER = Yaelo.PickerViewUITests;
				PRODUCT_NAME = "$(TARGET_NAME)";
				SWIFT_VERSION = 4.0;
				TARGETED_DEVICE_FAMILY = "1,2";
				TEST_TARGET_NAME = PickerView;
			};
			name = Debug;
		};
		BBDC6A7C1FAA61A400215D56 /* Release */ = {
			isa = XCBuildConfiguration;
			buildSettings = {
				ALWAYS_EMBED_SWIFT_STANDARD_LIBRARIES = YES;
				CODE_SIGN_STYLE = Automatic;
				INFOPLIST_FILE = PickerViewUITests/Info.plist;
				LD_RUNPATH_SEARCH_PATHS = "$(inherited) @executable_path/Frameworks @loader_path/Frameworks";
				PRODUCT_BUNDLE_IDENTIFIER = Yaelo.PickerViewUITests;
				PRODUCT_NAME = "$(TARGET_NAME)";
				SWIFT_VERSION = 4.0;
				TARGETED_DEVICE_FAMILY = "1,2";
				TEST_TARGET_NAME = PickerView;
			};
			name = Release;
		};
/* End XCBuildConfiguration section */

/* Begin XCConfigurationList section */
		BBDC6A471FAA61A300215D56 /* Build configuration list for PBXProject "PickerView" */ = {
			isa = XCConfigurationList;
			buildConfigurations = (
				BBDC6A721FAA61A400215D56 /* Debug */,
				BBDC6A731FAA61A400215D56 /* Release */,
			);
			defaultConfigurationIsVisible = 0;
			defaultConfigurationName = Release;
		};
		BBDC6A741FAA61A400215D56 /* Build configuration list for PBXNativeTarget "PickerView" */ = {
			isa = XCConfigurationList;
			buildConfigurations = (
				BBDC6A751FAA61A400215D56 /* Debug */,
				BBDC6A761FAA61A400215D56 /* Release */,
			);
			defaultConfigurationIsVisible = 0;
			defaultConfigurationName = Release;
		};
		BBDC6A771FAA61A400215D56 /* Build configuration list for PBXNativeTarget "PickerViewTests" */ = {
			isa = XCConfigurationList;
			buildConfigurations = (
				BBDC6A781FAA61A400215D56 /* Debug */,
				BBDC6A791FAA61A400215D56 /* Release */,
			);
			defaultConfigurationIsVisible = 0;
			defaultConfigurationName = Release;
		};
		BBDC6A7A1FAA61A400215D56 /* Build configuration list for PBXNativeTarget "PickerViewUITests" */ = {
			isa = XCConfigurationList;
			buildConfigurations = (
				BBDC6A7B1FAA61A400215D56 /* Debug */,
				BBDC6A7C1FAA61A400215D56 /* Release */,
			);
			defaultConfigurationIsVisible = 0;
			defaultConfigurationName = Release;
		};
/* End XCConfigurationList section */
	};
	rootObject = BBDC6A441FAA61A300215D56 /* Project object */;
}
